// !$*UTF8*$!
{
	archiveVersion = 1;
	classes = {
	};
	objectVersion = 48;
	objects = {

/* Begin PBXBuildFile section */
		2D72E3AAAF4147691F8C297C /* Pods_DNF.framework in Frameworks */ = {isa = PBXBuildFile; fileRef = D0F3EABB5BA6292A1DA3B4C2 /* Pods_DNF.framework */; };
		576A14591FA81C37008558DB /* HomeViewController.swift in Sources */ = {isa = PBXBuildFile; fileRef = 576A14581FA81C37008558DB /* HomeViewController.swift */; };
		576A145B1FA8231D008558DB /* TableViewController2.swift in Sources */ = {isa = PBXBuildFile; fileRef = 576A145A1FA8231D008558DB /* TableViewController2.swift */; };
		576A145D1FA8261B008558DB /* ViewController2.swift in Sources */ = {isa = PBXBuildFile; fileRef = 576A145C1FA8261B008558DB /* ViewController2.swift */; };
		576A145F1FA82BEA008558DB /* ExerciseHistoryView.swift in Sources */ = {isa = PBXBuildFile; fileRef = 576A145E1FA82BEA008558DB /* ExerciseHistoryView.swift */; };
		576A14611FA82C21008558DB /* FoodHistoryView.swift in Sources */ = {isa = PBXBuildFile; fileRef = 576A14601FA82C21008558DB /* FoodHistoryView.swift */; };
		576AD4CE1FA4F66400010CFA /* AppDelegate.swift in Sources */ = {isa = PBXBuildFile; fileRef = 576AD4CD1FA4F66400010CFA /* AppDelegate.swift */; };
		576AD4D01FA4F66400010CFA /* ViewController.swift in Sources */ = {isa = PBXBuildFile; fileRef = 576AD4CF1FA4F66400010CFA /* ViewController.swift */; };
		576AD4D31FA4F66400010CFA /* Main.storyboard in Resources */ = {isa = PBXBuildFile; fileRef = 576AD4D11FA4F66400010CFA /* Main.storyboard */; };
		576AD4D51FA4F66400010CFA /* Assets.xcassets in Resources */ = {isa = PBXBuildFile; fileRef = 576AD4D41FA4F66400010CFA /* Assets.xcassets */; };
		576AD4D81FA4F66400010CFA /* LaunchScreen.storyboard in Resources */ = {isa = PBXBuildFile; fileRef = 576AD4D61FA4F66400010CFA /* LaunchScreen.storyboard */; };
		576AD4E31FA4F66400010CFA /* DNFTests.swift in Sources */ = {isa = PBXBuildFile; fileRef = 576AD4E21FA4F66400010CFA /* DNFTests.swift */; };
		576AD4EE1FA4F66400010CFA /* DNFUITests.swift in Sources */ = {isa = PBXBuildFile; fileRef = 576AD4ED1FA4F66400010CFA /* DNFUITests.swift */; };
		57D0D5441FA506B000FCE87A /* TableViewController.swift in Sources */ = {isa = PBXBuildFile; fileRef = 57D0D5431FA506B000FCE87A /* TableViewController.swift */; };
/* End PBXBuildFile section */

/* Begin PBXContainerItemProxy section */
		576AD4DF1FA4F66400010CFA /* PBXContainerItemProxy */ = {
			isa = PBXContainerItemProxy;
			containerPortal = 576AD4C21FA4F66400010CFA /* Project object */;
			proxyType = 1;
			remoteGlobalIDString = 576AD4C91FA4F66400010CFA;
			remoteInfo = DNF;
		};
		576AD4EA1FA4F66400010CFA /* PBXContainerItemProxy */ = {
			isa = PBXContainerItemProxy;
			containerPortal = 576AD4C21FA4F66400010CFA /* Project object */;
			proxyType = 1;
			remoteGlobalIDString = 576AD4C91FA4F66400010CFA;
			remoteInfo = DNF;
		};
/* End PBXContainerItemProxy section */

/* Begin PBXFileReference section */
		576A14581FA81C37008558DB /* HomeViewController.swift */ = {isa = PBXFileReference; lastKnownFileType = sourcecode.swift; path = HomeViewController.swift; sourceTree = "<group>"; };
		576A145A1FA8231D008558DB /* TableViewController2.swift */ = {isa = PBXFileReference; lastKnownFileType = sourcecode.swift; path = TableViewController2.swift; sourceTree = "<group>"; };
		576A145C1FA8261B008558DB /* ViewController2.swift */ = {isa = PBXFileReference; lastKnownFileType = sourcecode.swift; path = ViewController2.swift; sourceTree = "<group>"; };
		576A145E1FA82BEA008558DB /* ExerciseHistoryView.swift */ = {isa = PBXFileReference; lastKnownFileType = sourcecode.swift; path = ExerciseHistoryView.swift; sourceTree = "<group>"; };
		576A14601FA82C21008558DB /* FoodHistoryView.swift */ = {isa = PBXFileReference; lastKnownFileType = sourcecode.swift; path = FoodHistoryView.swift; sourceTree = "<group>"; };
		576AD4CA1FA4F66400010CFA /* DNF.app */ = {isa = PBXFileReference; explicitFileType = wrapper.application; includeInIndex = 0; path = DNF.app; sourceTree = BUILT_PRODUCTS_DIR; };
		576AD4CD1FA4F66400010CFA /* AppDelegate.swift */ = {isa = PBXFileReference; lastKnownFileType = sourcecode.swift; path = AppDelegate.swift; sourceTree = "<group>"; };
		576AD4CF1FA4F66400010CFA /* ViewController.swift */ = {isa = PBXFileReference; lastKnownFileType = sourcecode.swift; path = ViewController.swift; sourceTree = "<group>"; };
		576AD4D21FA4F66400010CFA /* Base */ = {isa = PBXFileReference; lastKnownFileType = file.storyboard; name = Base; path = Base.lproj/Main.storyboard; sourceTree = "<group>"; };
		576AD4D41FA4F66400010CFA /* Assets.xcassets */ = {isa = PBXFileReference; lastKnownFileType = folder.assetcatalog; path = Assets.xcassets; sourceTree = "<group>"; };
		576AD4D71FA4F66400010CFA /* Base */ = {isa = PBXFileReference; lastKnownFileType = file.storyboard; name = Base; path = Base.lproj/LaunchScreen.storyboard; sourceTree = "<group>"; };
		576AD4D91FA4F66400010CFA /* Info.plist */ = {isa = PBXFileReference; lastKnownFileType = text.plist.xml; path = Info.plist; sourceTree = "<group>"; };
		576AD4DE1FA4F66400010CFA /* DNFTests.xctest */ = {isa = PBXFileReference; explicitFileType = wrapper.cfbundle; includeInIndex = 0; path = DNFTests.xctest; sourceTree = BUILT_PRODUCTS_DIR; };
		576AD4E21FA4F66400010CFA /* DNFTests.swift */ = {isa = PBXFileReference; lastKnownFileType = sourcecode.swift; path = DNFTests.swift; sourceTree = "<group>"; };
		576AD4E41FA4F66400010CFA /* Info.plist */ = {isa = PBXFileReference; lastKnownFileType = text.plist.xml; path = Info.plist; sourceTree = "<group>"; };
		576AD4E91FA4F66400010CFA /* DNFUITests.xctest */ = {isa = PBXFileReference; explicitFileType = wrapper.cfbundle; includeInIndex = 0; path = DNFUITests.xctest; sourceTree = BUILT_PRODUCTS_DIR; };
		576AD4ED1FA4F66400010CFA /* DNFUITests.swift */ = {isa = PBXFileReference; lastKnownFileType = sourcecode.swift; path = DNFUITests.swift; sourceTree = "<group>"; };
		576AD4EF1FA4F66400010CFA /* Info.plist */ = {isa = PBXFileReference; lastKnownFileType = text.plist.xml; path = Info.plist; sourceTree = "<group>"; };
		57D0D5431FA506B000FCE87A /* TableViewController.swift */ = {isa = PBXFileReference; lastKnownFileType = sourcecode.swift; path = TableViewController.swift; sourceTree = "<group>"; };
		BC6223DFC1E64A5CD1482E0D /* Pods-DNF.release.xcconfig */ = {isa = PBXFileReference; includeInIndex = 1; lastKnownFileType = text.xcconfig; name = "Pods-DNF.release.xcconfig"; path = "Pods/Target Support Files/Pods-DNF/Pods-DNF.release.xcconfig"; sourceTree = "<group>"; };
		D0F3EABB5BA6292A1DA3B4C2 /* Pods_DNF.framework */ = {isa = PBXFileReference; explicitFileType = wrapper.framework; includeInIndex = 0; path = Pods_DNF.framework; sourceTree = BUILT_PRODUCTS_DIR; };
		F59C369F460F0A01EBF058A3 /* Pods-DNF.debug.xcconfig */ = {isa = PBXFileReference; includeInIndex = 1; lastKnownFileType = text.xcconfig; name = "Pods-DNF.debug.xcconfig"; path = "Pods/Target Support Files/Pods-DNF/Pods-DNF.debug.xcconfig"; sourceTree = "<group>"; };
/* End PBXFileReference section */

/* Begin PBXFrameworksBuildPhase section */
		576AD4C71FA4F66400010CFA /* Frameworks */ = {
			isa = PBXFrameworksBuildPhase;
			buildActionMask = 2147483647;
			files = (
				2D72E3AAAF4147691F8C297C /* Pods_DNF.framework in Frameworks */,
			);
			runOnlyForDeploymentPostprocessing = 0;
		};
		576AD4DB1FA4F66400010CFA /* Frameworks */ = {
			isa = PBXFrameworksBuildPhase;
			buildActionMask = 2147483647;
			files = (
			);
			runOnlyForDeploymentPostprocessing = 0;
		};
		576AD4E61FA4F66400010CFA /* Frameworks */ = {
			isa = PBXFrameworksBuildPhase;
			buildActionMask = 2147483647;
			files = (
			);
			runOnlyForDeploymentPostprocessing = 0;
		};
/* End PBXFrameworksBuildPhase section */

/* Begin PBXGroup section */
		00E3D47B3525963181B82BBB /* Pods */ = {
			isa = PBXGroup;
			children = (
				F59C369F460F0A01EBF058A3 /* Pods-DNF.debug.xcconfig */,
				BC6223DFC1E64A5CD1482E0D /* Pods-DNF.release.xcconfig */,
			);
			name = Pods;
			sourceTree = "<group>";
		};
		576AD4C11FA4F66400010CFA = {
			isa = PBXGroup;
			children = (
				576AD4CC1FA4F66400010CFA /* DNF */,
				576AD4E11FA4F66400010CFA /* DNFTests */,
				576AD4EC1FA4F66400010CFA /* DNFUITests */,
				576AD4CB1FA4F66400010CFA /* Products */,
				00E3D47B3525963181B82BBB /* Pods */,
				5EC0D22CB3969FA81F08C0E6 /* Frameworks */,
			);
			sourceTree = "<group>";
		};
		576AD4CB1FA4F66400010CFA /* Products */ = {
			isa = PBXGroup;
			children = (
				576AD4CA1FA4F66400010CFA /* DNF.app */,
				576AD4DE1FA4F66400010CFA /* DNFTests.xctest */,
				576AD4E91FA4F66400010CFA /* DNFUITests.xctest */,
			);
			name = Products;
			sourceTree = "<group>";
		};
		576AD4CC1FA4F66400010CFA /* DNF */ = {
			isa = PBXGroup;
			children = (
				576AD4CD1FA4F66400010CFA /* AppDelegate.swift */,
				576AD4D11FA4F66400010CFA /* Main.storyboard */,
				576A14581FA81C37008558DB /* HomeViewController.swift */,
				576AD4CF1FA4F66400010CFA /* ViewController.swift */,
				576A145C1FA8261B008558DB /* ViewController2.swift */,
				57D0D5431FA506B000FCE87A /* TableViewController.swift */,
				576A145A1FA8231D008558DB /* TableViewController2.swift */,
				576A145E1FA82BEA008558DB /* ExerciseHistoryView.swift */,
				576A14601FA82C21008558DB /* FoodHistoryView.swift */,
				576AD4D41FA4F66400010CFA /* Assets.xcassets */,
				576AD4D61FA4F66400010CFA /* LaunchScreen.storyboard */,
				576AD4D91FA4F66400010CFA /* Info.plist */,
			);
			path = DNF;
			sourceTree = "<group>";
		};
		576AD4E11FA4F66400010CFA /* DNFTests */ = {
			isa = PBXGroup;
			children = (
				576AD4E21FA4F66400010CFA /* DNFTests.swift */,
				576AD4E41FA4F66400010CFA /* Info.plist */,
			);
			path = DNFTests;
			sourceTree = "<group>";
		};
		576AD4EC1FA4F66400010CFA /* DNFUITests */ = {
			isa = PBXGroup;
			children = (
				576AD4ED1FA4F66400010CFA /* DNFUITests.swift */,
				576AD4EF1FA4F66400010CFA /* Info.plist */,
			);
			path = DNFUITests;
			sourceTree = "<group>";
		};
		5EC0D22CB3969FA81F08C0E6 /* Frameworks */ = {
			isa = PBXGroup;
			children = (
				D0F3EABB5BA6292A1DA3B4C2 /* Pods_DNF.framework */,
			);
			name = Frameworks;
			sourceTree = "<group>";
		};
/* End PBXGroup section */

/* Begin PBXNativeTarget section */
		576AD4C91FA4F66400010CFA /* DNF */ = {
			isa = PBXNativeTarget;
			buildConfigurationList = 576AD4F21FA4F66400010CFA /* Build configuration list for PBXNativeTarget "DNF" */;
			buildPhases = (
				B94D24CB7FFDB5C97524A336 /* [CP] Check Pods Manifest.lock */,
				576AD4C61FA4F66400010CFA /* Sources */,
				576AD4C71FA4F66400010CFA /* Frameworks */,
				576AD4C81FA4F66400010CFA /* Resources */,
				2DE99EB9F9982EAD5754487C /* [CP] Embed Pods Frameworks */,
				CAA3139D52AC084D5EAE309E /* [CP] Copy Pods Resources */,
			);
			buildRules = (
			);
			dependencies = (
			);
			name = DNF;
			productName = DNF;
			productReference = 576AD4CA1FA4F66400010CFA /* DNF.app */;
			productType = "com.apple.product-type.application";
		};
		576AD4DD1FA4F66400010CFA /* DNFTests */ = {
			isa = PBXNativeTarget;
			buildConfigurationList = 576AD4F51FA4F66400010CFA /* Build configuration list for PBXNativeTarget "DNFTests" */;
			buildPhases = (
				576AD4DA1FA4F66400010CFA /* Sources */,
				576AD4DB1FA4F66400010CFA /* Frameworks */,
				576AD4DC1FA4F66400010CFA /* Resources */,
			);
			buildRules = (
			);
			dependencies = (
				576AD4E01FA4F66400010CFA /* PBXTargetDependency */,
			);
			name = DNFTests;
			productName = DNFTests;
			productReference = 576AD4DE1FA4F66400010CFA /* DNFTests.xctest */;
			productType = "com.apple.product-type.bundle.unit-test";
		};
		576AD4E81FA4F66400010CFA /* DNFUITests */ = {
			isa = PBXNativeTarget;
			buildConfigurationList = 576AD4F81FA4F66400010CFA /* Build configuration list for PBXNativeTarget "DNFUITests" */;
			buildPhases = (
				576AD4E51FA4F66400010CFA /* Sources */,
				576AD4E61FA4F66400010CFA /* Frameworks */,
				576AD4E71FA4F66400010CFA /* Resources */,
			);
			buildRules = (
			);
			dependencies = (
				576AD4EB1FA4F66400010CFA /* PBXTargetDependency */,
			);
			name = DNFUITests;
			productName = DNFUITests;
			productReference = 576AD4E91FA4F66400010CFA /* DNFUITests.xctest */;
			productType = "com.apple.product-type.bundle.ui-testing";
		};
/* End PBXNativeTarget section */

/* Begin PBXProject section */
		576AD4C21FA4F66400010CFA /* Project object */ = {
			isa = PBXProject;
			attributes = {
				LastSwiftUpdateCheck = 0900;
				LastUpgradeCheck = 0900;
				ORGANIZATIONNAME = CS110;
				TargetAttributes = {
					576AD4C91FA4F66400010CFA = {
						CreatedOnToolsVersion = 9.0;
						ProvisioningStyle = Automatic;
					};
					576AD4DD1FA4F66400010CFA = {
						CreatedOnToolsVersion = 9.0;
						ProvisioningStyle = Automatic;
						TestTargetID = 576AD4C91FA4F66400010CFA;
					};
					576AD4E81FA4F66400010CFA = {
						CreatedOnToolsVersion = 9.0;
						ProvisioningStyle = Automatic;
						TestTargetID = 576AD4C91FA4F66400010CFA;
					};
				};
			};
			buildConfigurationList = 576AD4C51FA4F66400010CFA /* Build configuration list for PBXProject "DNF" */;
			compatibilityVersion = "Xcode 8.0";
			developmentRegion = en;
			hasScannedForEncodings = 0;
			knownRegions = (
				en,
				Base,
			);
			mainGroup = 576AD4C11FA4F66400010CFA;
			productRefGroup = 576AD4CB1FA4F66400010CFA /* Products */;
			projectDirPath = "";
			projectRoot = "";
			targets = (
				576AD4C91FA4F66400010CFA /* DNF */,
				576AD4DD1FA4F66400010CFA /* DNFTests */,
				576AD4E81FA4F66400010CFA /* DNFUITests */,
			);
		};
/* End PBXProject section */

/* Begin PBXResourcesBuildPhase section */
		576AD4C81FA4F66400010CFA /* Resources */ = {
			isa = PBXResourcesBuildPhase;
			buildActionMask = 2147483647;
			files = (
				576AD4D81FA4F66400010CFA /* LaunchScreen.storyboard in Resources */,
				576AD4D51FA4F66400010CFA /* Assets.xcassets in Resources */,
				576AD4D31FA4F66400010CFA /* Main.storyboard in Resources */,
			);
			runOnlyForDeploymentPostprocessing = 0;
		};
		576AD4DC1FA4F66400010CFA /* Resources */ = {
			isa = PBXResourcesBuildPhase;
			buildActionMask = 2147483647;
			files = (
			);
			runOnlyForDeploymentPostprocessing = 0;
		};
		576AD4E71FA4F66400010CFA /* Resources */ = {
			isa = PBXResourcesBuildPhase;
			buildActionMask = 2147483647;
			files = (
			);
			runOnlyForDeploymentPostprocessing = 0;
		};
/* End PBXResourcesBuildPhase section */

/* Begin PBXShellScriptBuildPhase section */
		2DE99EB9F9982EAD5754487C /* [CP] Embed Pods Frameworks */ = {
			isa = PBXShellScriptBuildPhase;
			buildActionMask = 2147483647;
			files = (
			);
			inputPaths = (
				"${SRCROOT}/Pods/Target Support Files/Pods-DNF/Pods-DNF-frameworks.sh",
				"${BUILT_PRODUCTS_DIR}/Charts/Charts.framework",
			);
			name = "[CP] Embed Pods Frameworks";
			outputPaths = (
				"${TARGET_BUILD_DIR}/${FRAMEWORKS_FOLDER_PATH}/Charts.framework",
			);
			runOnlyForDeploymentPostprocessing = 0;
			shellPath = /bin/sh;
			shellScript = "\"${SRCROOT}/Pods/Target Support Files/Pods-DNF/Pods-DNF-frameworks.sh\"\n";
			showEnvVarsInLog = 0;
		};
		B94D24CB7FFDB5C97524A336 /* [CP] Check Pods Manifest.lock */ = {
			isa = PBXShellScriptBuildPhase;
			buildActionMask = 2147483647;
			files = (
			);
			inputPaths = (
				"${PODS_PODFILE_DIR_PATH}/Podfile.lock",
				"${PODS_ROOT}/Manifest.lock",
			);
			name = "[CP] Check Pods Manifest.lock";
			outputPaths = (
				"$(DERIVED_FILE_DIR)/Pods-DNF-checkManifestLockResult.txt",
			);
			runOnlyForDeploymentPostprocessing = 0;
			shellPath = /bin/sh;
			shellScript = "diff \"${PODS_PODFILE_DIR_PATH}/Podfile.lock\" \"${PODS_ROOT}/Manifest.lock\" > /dev/null\nif [ $? != 0 ] ; then\n    # print error to STDERR\n    echo \"error: The sandbox is not in sync with the Podfile.lock. Run 'pod install' or update your CocoaPods installation.\" >&2\n    exit 1\nfi\n# This output is used by Xcode 'outputs' to avoid re-running this script phase.\necho \"SUCCESS\" > \"${SCRIPT_OUTPUT_FILE_0}\"\n";
			showEnvVarsInLog = 0;
		};
		CAA3139D52AC084D5EAE309E /* [CP] Copy Pods Resources */ = {
			isa = PBXShellScriptBuildPhase;
			buildActionMask = 2147483647;
			files = (
			);
			inputPaths = (
			);
			name = "[CP] Copy Pods Resources";
			outputPaths = (
			);
			runOnlyForDeploymentPostprocessing = 0;
			shellPath = /bin/sh;
			shellScript = "\"${SRCROOT}/Pods/Target Support Files/Pods-DNF/Pods-DNF-resources.sh\"\n";
			showEnvVarsInLog = 0;
		};
/* End PBXShellScriptBuildPhase section */

/* Begin PBXSourcesBuildPhase section */
		576AD4C61FA4F66400010CFA /* Sources */ = {
			isa = PBXSourcesBuildPhase;
			buildActionMask = 2147483647;
			files = (
				576A145F1FA82BEA008558DB /* ExerciseHistoryView.swift in Sources */,
				576A145B1FA8231D008558DB /* TableViewController2.swift in Sources */,
				576AD4D01FA4F66400010CFA /* ViewController.swift in Sources */,
				57D0D5441FA506B000FCE87A /* TableViewController.swift in Sources */,
				576AD4CE1FA4F66400010CFA /* AppDelegate.swift in Sources */,
				576A14611FA82C21008558DB /* FoodHistoryView.swift in Sources */,
				576A14591FA81C37008558DB /* HomeViewController.swift in Sources */,
				576A145D1FA8261B008558DB /* ViewController2.swift in Sources */,
			);
			runOnlyForDeploymentPostprocessing = 0;
		};
		576AD4DA1FA4F66400010CFA /* Sources */ = {
			isa = PBXSourcesBuildPhase;
			buildActionMask = 2147483647;
			files = (
				576AD4E31FA4F66400010CFA /* DNFTests.swift in Sources */,
			);
			runOnlyForDeploymentPostprocessing = 0;
		};
		576AD4E51FA4F66400010CFA /* Sources */ = {
			isa = PBXSourcesBuildPhase;
			buildActionMask = 2147483647;
			files = (
				576AD4EE1FA4F66400010CFA /* DNFUITests.swift in Sources */,
			);
			runOnlyForDeploymentPostprocessing = 0;
		};
/* End PBXSourcesBuildPhase section */

/* Begin PBXTargetDependency section */
		576AD4E01FA4F66400010CFA /* PBXTargetDependency */ = {
			isa = PBXTargetDependency;
			target = 576AD4C91FA4F66400010CFA /* DNF */;
			targetProxy = 576AD4DF1FA4F66400010CFA /* PBXContainerItemProxy */;
		};
		576AD4EB1FA4F66400010CFA /* PBXTargetDependency */ = {
			isa = PBXTargetDependency;
			target = 576AD4C91FA4F66400010CFA /* DNF */;
			targetProxy = 576AD4EA1FA4F66400010CFA /* PBXContainerItemProxy */;
		};
/* End PBXTargetDependency section */

/* Begin PBXVariantGroup section */
		576AD4D11FA4F66400010CFA /* Main.storyboard */ = {
			isa = PBXVariantGroup;
			children = (
				576AD4D21FA4F66400010CFA /* Base */,
			);
			name = Main.storyboard;
			sourceTree = "<group>";
		};
		576AD4D61FA4F66400010CFA /* LaunchScreen.storyboard */ = {
			isa = PBXVariantGroup;
			children = (
				576AD4D71FA4F66400010CFA /* Base */,
			);
			name = LaunchScreen.storyboard;
			sourceTree = "<group>";
		};
/* End PBXVariantGroup section */

/* Begin XCBuildConfiguration section */
		576AD4F01FA4F66400010CFA /* Debug */ = {
			isa = XCBuildConfiguration;
			buildSettings = {
				ALWAYS_SEARCH_USER_PATHS = NO;
				CLANG_ANALYZER_NONNULL = YES;
				CLANG_ANALYZER_NUMBER_OBJECT_CONVERSION = YES_AGGRESSIVE;
				CLANG_CXX_LANGUAGE_STANDARD = "gnu++14";
				CLANG_CXX_LIBRARY = "libc++";
				CLANG_ENABLE_MODULES = YES;
				CLANG_ENABLE_OBJC_ARC = YES;
				CLANG_WARN_BLOCK_CAPTURE_AUTORELEASING = YES;
				CLANG_WARN_BOOL_CONVERSION = YES;
				CLANG_WARN_COMMA = YES;
				CLANG_WARN_CONSTANT_CONVERSION = YES;
				CLANG_WARN_DIRECT_OBJC_ISA_USAGE = YES_ERROR;
				CLANG_WARN_DOCUMENTATION_COMMENTS = YES;
				CLANG_WARN_EMPTY_BODY = YES;
				CLANG_WARN_ENUM_CONVERSION = YES;
				CLANG_WARN_INFINITE_RECURSION = YES;
				CLANG_WARN_INT_CONVERSION = YES;
				CLANG_WARN_NON_LITERAL_NULL_CONVERSION = YES;
				CLANG_WARN_OBJC_LITERAL_CONVERSION = YES;
				CLANG_WARN_OBJC_ROOT_CLASS = YES_ERROR;
				CLANG_WARN_RANGE_LOOP_ANALYSIS = YES;
				CLANG_WARN_STRICT_PROTOTYPES = YES;
				CLANG_WARN_SUSPICIOUS_MOVE = YES;
				CLANG_WARN_UNGUARDED_AVAILABILITY = YES_AGGRESSIVE;
				CLANG_WARN_UNREACHABLE_CODE = YES;
				CLANG_WARN__DUPLICATE_METHOD_MATCH = YES;
				CODE_SIGN_IDENTITY = "iPhone Developer";
				COPY_PHASE_STRIP = NO;
				DEBUG_INFORMATION_FORMAT = dwarf;
				ENABLE_STRICT_OBJC_MSGSEND = YES;
				ENABLE_TESTABILITY = YES;
				GCC_C_LANGUAGE_STANDARD = gnu11;
				GCC_DYNAMIC_NO_PIC = NO;
				GCC_NO_COMMON_BLOCKS = YES;
				GCC_OPTIMIZATION_LEVEL = 0;
				GCC_PREPROCESSOR_DEFINITIONS = (
					"DEBUG=1",
					"$(inherited)",
				);
				GCC_WARN_64_TO_32_BIT_CONVERSION = YES;
				GCC_WARN_ABOUT_RETURN_TYPE = YES_ERROR;
				GCC_WARN_UNDECLARED_SELECTOR = YES;
				GCC_WARN_UNINITIALIZED_AUTOS = YES_AGGRESSIVE;
				GCC_WARN_UNUSED_FUNCTION = YES;
				GCC_WARN_UNUSED_VARIABLE = YES;
				IPHONEOS_DEPLOYMENT_TARGET = 11.0;
				MTL_ENABLE_DEBUG_INFO = YES;
				ONLY_ACTIVE_ARCH = YES;
				SDKROOT = iphoneos;
				SWIFT_ACTIVE_COMPILATION_CONDITIONS = DEBUG;
				SWIFT_OPTIMIZATION_LEVEL = "-Onone";
			};
			name = Debug;
		};
		576AD4F11FA4F66400010CFA /* Release */ = {
			isa = XCBuildConfiguration;
			buildSettings = {
				ALWAYS_SEARCH_USER_PATHS = NO;
				CLANG_ANALYZER_NONNULL = YES;
				CLANG_ANALYZER_NUMBER_OBJECT_CONVERSION = YES_AGGRESSIVE;
				CLANG_CXX_LANGUAGE_STANDARD = "gnu++14";
				CLANG_CXX_LIBRARY = "libc++";
				CLANG_ENABLE_MODULES = YES;
				CLANG_ENABLE_OBJC_ARC = YES;
				CLANG_WARN_BLOCK_CAPTURE_AUTORELEASING = YES;
				CLANG_WARN_BOOL_CONVERSION = YES;
				CLANG_WARN_COMMA = YES;
				CLANG_WARN_CONSTANT_CONVERSION = YES;
				CLANG_WARN_DIRECT_OBJC_ISA_USAGE = YES_ERROR;
				CLANG_WARN_DOCUMENTATION_COMMENTS = YES;
				CLANG_WARN_EMPTY_BODY = YES;
				CLANG_WARN_ENUM_CONVERSION = YES;
				CLANG_WARN_INFINITE_RECURSION = YES;
				CLANG_WARN_INT_CONVERSION = YES;
				CLANG_WARN_NON_LITERAL_NULL_CONVERSION = YES;
				CLANG_WARN_OBJC_LITERAL_CONVERSION = YES;
				CLANG_WARN_OBJC_ROOT_CLASS = YES_ERROR;
				CLANG_WARN_RANGE_LOOP_ANALYSIS = YES;
				CLANG_WARN_STRICT_PROTOTYPES = YES;
				CLANG_WARN_SUSPICIOUS_MOVE = YES;
				CLANG_WARN_UNGUARDED_AVAILABILITY = YES_AGGRESSIVE;
				CLANG_WARN_UNREACHABLE_CODE = YES;
				CLANG_WARN__DUPLICATE_METHOD_MATCH = YES;
				CODE_SIGN_IDENTITY = "iPhone Developer";
				COPY_PHASE_STRIP = NO;
				DEBUG_INFORMATION_FORMAT = "dwarf-with-dsym";
				ENABLE_NS_ASSERTIONS = NO;
				ENABLE_STRICT_OBJC_MSGSEND = YES;
				GCC_C_LANGUAGE_STANDARD = gnu11;
				GCC_NO_COMMON_BLOCKS = YES;
				GCC_WARN_64_TO_32_BIT_CONVERSION = YES;
				GCC_WARN_ABOUT_RETURN_TYPE = YES_ERROR;
				GCC_WARN_UNDECLARED_SELECTOR = YES;
				GCC_WARN_UNINITIALIZED_AUTOS = YES_AGGRESSIVE;
				GCC_WARN_UNUSED_FUNCTION = YES;
				GCC_WARN_UNUSED_VARIABLE = YES;
				IPHONEOS_DEPLOYMENT_TARGET = 11.0;
				MTL_ENABLE_DEBUG_INFO = NO;
				SDKROOT = iphoneos;
				SWIFT_OPTIMIZATION_LEVEL = "-Owholemodule";
				VALIDATE_PRODUCT = YES;
			};
			name = Release;
		};
		576AD4F31FA4F66400010CFA /* Debug */ = {
			isa = XCBuildConfiguration;
			baseConfigurationReference = F59C369F460F0A01EBF058A3 /* Pods-DNF.debug.xcconfig */;
			buildSettings = {
				ASSETCATALOG_COMPILER_APPICON_NAME = AppIcon;
				CODE_SIGN_STYLE = Automatic;
				INFOPLIST_FILE = DNF/Info.plist;
				LD_RUNPATH_SEARCH_PATHS = "$(inherited) @executable_path/Frameworks";
				PRODUCT_BUNDLE_IDENTIFIER = com.CS110.DNF;
				PRODUCT_NAME = "$(TARGET_NAME)";
				SWIFT_VERSION = 4.0;
				TARGETED_DEVICE_FAMILY = "1,2";
			};
			name = Debug;
		};
		576AD4F41FA4F66400010CFA /* Release */ = {
			isa = XCBuildConfiguration;
			baseConfigurationReference = BC6223DFC1E64A5CD1482E0D /* Pods-DNF.release.xcconfig */;
			buildSettings = {
				ASSETCATALOG_COMPILER_APPICON_NAME = AppIcon;
				CODE_SIGN_STYLE = Automatic;
				INFOPLIST_FILE = DNF/Info.plist;
				LD_RUNPATH_SEARCH_PATHS = "$(inherited) @executable_path/Frameworks";
				PRODUCT_BUNDLE_IDENTIFIER = com.CS110.DNF;
				PRODUCT_NAME = "$(TARGET_NAME)";
				SWIFT_VERSION = 4.0;
				TARGETED_DEVICE_FAMILY = "1,2";
			};
			name = Release;
		};
		576AD4F61FA4F66400010CFA /* Debug */ = {
			isa = XCBuildConfiguration;
			buildSettings = {
				ALWAYS_EMBED_SWIFT_STANDARD_LIBRARIES = YES;
				BUNDLE_LOADER = "$(TEST_HOST)";
				CODE_SIGN_STYLE = Automatic;
				INFOPLIST_FILE = DNFTests/Info.plist;
				LD_RUNPATH_SEARCH_PATHS = "$(inherited) @executable_path/Frameworks @loader_path/Frameworks";
				PRODUCT_BUNDLE_IDENTIFIER = com.CS110.DNFTests;
				PRODUCT_NAME = "$(TARGET_NAME)";
				SWIFT_VERSION = 4.0;
				TARGETED_DEVICE_FAMILY = "1,2";
				TEST_HOST = "$(BUILT_PRODUCTS_DIR)/DNF.app/DNF";
			};
			name = Debug;
		};
		576AD4F71FA4F66400010CFA /* Release */ = {
			isa = XCBuildConfiguration;
			buildSettings = {
				ALWAYS_EMBED_SWIFT_STANDARD_LIBRARIES = YES;
				BUNDLE_LOADER = "$(TEST_HOST)";
				CODE_SIGN_STYLE = Automatic;
				INFOPLIST_FILE = DNFTests/Info.plist;
				LD_RUNPATH_SEARCH_PATHS = "$(inherited) @executable_path/Frameworks @loader_path/Frameworks";
				PRODUCT_BUNDLE_IDENTIFIER = com.CS110.DNFTests;
				PRODUCT_NAME = "$(TARGET_NAME)";
				SWIFT_VERSION = 4.0;
				TARGETED_DEVICE_FAMILY = "1,2";
				TEST_HOST = "$(BUILT_PRODUCTS_DIR)/DNF.app/DNF";
			};
			name = Release;
		};
		576AD4F91FA4F66400010CFA /* Debug */ = {
			isa = XCBuildConfiguration;
			buildSettings = {
				ALWAYS_EMBED_SWIFT_STANDARD_LIBRARIES = YES;
				CODE_SIGN_STYLE = Automatic;
				INFOPLIST_FILE = DNFUITests/Info.plist;
				LD_RUNPATH_SEARCH_PATHS = "$(inherited) @executable_path/Frameworks @loader_path/Frameworks";
				PRODUCT_BUNDLE_IDENTIFIER = com.CS110.DNFUITests;
				PRODUCT_NAME = "$(TARGET_NAME)";
				SWIFT_VERSION = 4.0;
				TARGETED_DEVICE_FAMILY = "1,2";
				TEST_TARGET_NAME = DNF;
			};
			name = Debug;
		};
		576AD4FA1FA4F66400010CFA /* Release */ = {
			isa = XCBuildConfiguration;
			buildSettings = {
				ALWAYS_EMBED_SWIFT_STANDARD_LIBRARIES = YES;
				CODE_SIGN_STYLE = Automatic;
				INFOPLIST_FILE = DNFUITests/Info.plist;
				LD_RUNPATH_SEARCH_PATHS = "$(inherited) @executable_path/Frameworks @loader_path/Frameworks";
				PRODUCT_BUNDLE_IDENTIFIER = com.CS110.DNFUITests;
				PRODUCT_NAME = "$(TARGET_NAME)";
				SWIFT_VERSION = 4.0;
				TARGETED_DEVICE_FAMILY = "1,2";
				TEST_TARGET_NAME = DNF;
			};
			name = Release;
		};
/* End XCBuildConfiguration section */

/* Begin XCConfigurationList section */
		576AD4C51FA4F66400010CFA /* Build configuration list for PBXProject "DNF" */ = {
			isa = XCConfigurationList;
			buildConfigurations = (
				576AD4F01FA4F66400010CFA /* Debug */,
				576AD4F11FA4F66400010CFA /* Release */,
			);
			defaultConfigurationIsVisible = 0;
			defaultConfigurationName = Release;
		};
		576AD4F21FA4F66400010CFA /* Build configuration list for PBXNativeTarget "DNF" */ = {
			isa = XCConfigurationList;
			buildConfigurations = (
				576AD4F31FA4F66400010CFA /* Debug */,
				576AD4F41FA4F66400010CFA /* Release */,
			);
			defaultConfigurationIsVisible = 0;
			defaultConfigurationName = Release;
		};
		576AD4F51FA4F66400010CFA /* Build configuration list for PBXNativeTarget "DNFTests" */ = {
			isa = XCConfigurationList;
			buildConfigurations = (
				576AD4F61FA4F66400010CFA /* Debug */,
				576AD4F71FA4F66400010CFA /* Release */,
			);
			defaultConfigurationIsVisible = 0;
			defaultConfigurationName = Release;
		};
		576AD4F81FA4F66400010CFA /* Build configuration list for PBXNativeTarget "DNFUITests" */ = {
			isa = XCConfigurationList;
			buildConfigurations = (
				576AD4F91FA4F66400010CFA /* Debug */,
				576AD4FA1FA4F66400010CFA /* Release */,
			);
			defaultConfigurationIsVisible = 0;
			defaultConfigurationName = Release;
		};
/* End XCConfigurationList section */
	};
	rootObject = 576AD4C21FA4F66400010CFA /* Project object */;
}
